
Microsoft Visual Studio Solution File, Format Version 12.00
# Visual Studio Version 17
VisualStudioVersion = 17.5.002.0
MinimumVisualStudioVersion = 10.0.40219.1
Project("{2150E333-8FDC-42A3-9474-1A3956D46DE8}") = "demo-03", "demo-03", "{23C45222-71B0-42CF-9E3B-8F8DBB3E2902}"
EndProject
Project("{9A19103F-16F7-4668-BE54-9A1E7A4F7556}") = "my-app", "demo-03\my-app\my-app.csproj", "{D286AD90-DF11-4606-B5C3-EB6F872FE229}"
EndProject
Project("{2150E333-8FDC-42A3-9474-1A3956D46DE8}") = "demo-02", "demo-02", "{FE8F6778-673A-498C-8CFF-52C3551DF5D6}"
EndProject
Project("{9A19103F-16F7-4668-BE54-9A1E7A4F7556}") = "flagd-app", "demo-02\flagd-app\flagd-app.csproj", "{1C884962-503A-440A-A779-6844AA57DC9F}"
EndProject
Project("{9A19103F-16F7-4668-BE54-9A1E7A4F7556}") = "my-app", "demo-02\my-app\my-app.csproj", "{315E8348-23D6-46A1-A6B8-8FA857552FD9}"
EndProject
Project("{2150E333-8FDC-42A3-9474-1A3956D46DE8}") = "demo-01", "demo-01", "{71CEF5F7-33D1-4F3B-B167-54914489AE7C}"
EndProject
Project("{9A19103F-16F7-4668-BE54-9A1E7A4F7556}") = "my-app", "demo-01\my-app\my-app.csproj", "{26973EE2-4A8F-43AD-8AA6-6C7B97112BEC}"
EndProject
Global
	GlobalSection(SolutionConfigurationPlatforms) = preSolution
		Debug|Any CPU = Debug|Any CPU
		Release|Any CPU = Release|Any CPU
	EndGlobalSection
	GlobalSection(ProjectConfigurationPlatforms) = postSolution
		{D286AD90-DF11-4606-B5C3-EB6F872FE229}.Debug|Any CPU.ActiveCfg = Debug|Any CPU
		{D286AD90-DF11-4606-B5C3-EB6F872FE229}.Debug|Any CPU.Build.0 = Debug|Any CPU
		{D286AD90-DF11-4606-B5C3-EB6F872FE229}.Release|Any CPU.ActiveCfg = Release|Any CPU
		{D286AD90-DF11-4606-B5C3-EB6F872FE229}.Release|Any CPU.Build.0 = Release|Any CPU
		{1C884962-503A-440A-A779-6844AA57DC9F}.Debug|Any CPU.ActiveCfg = Debug|Any CPU
		{1C884962-503A-440A-A779-6844AA57DC9F}.Debug|Any CPU.Build.0 = Debug|Any CPU
		{1C884962-503A-440A-A779-6844AA57DC9F}.Release|Any CPU.ActiveCfg = Release|Any CPU
		{1C884962-503A-440A-A779-6844AA57DC9F}.Release|Any CPU.Build.0 = Release|Any CPU
		{315E8348-23D6-46A1-A6B8-8FA857552FD9}.Debug|Any CPU.ActiveCfg = Debug|Any CPU
		{315E8348-23D6-46A1-A6B8-8FA857552FD9}.Debug|Any CPU.Build.0 = Debug|Any CPU
		{315E8348-23D6-46A1-A6B8-8FA857552FD9}.Release|Any CPU.ActiveCfg = Release|Any CPU
		{315E8348-23D6-46A1-A6B8-8FA857552FD9}.Release|Any CPU.Build.0 = Release|Any CPU
		{26973EE2-4A8F-43AD-8AA6-6C7B97112BEC}.Debug|Any CPU.ActiveCfg = Debug|Any CPU
		{26973EE2-4A8F-43AD-8AA6-6C7B97112BEC}.Debug|Any CPU.Build.0 = Debug|Any CPU
		{26973EE2-4A8F-43AD-8AA6-6C7B97112BEC}.Release|Any CPU.ActiveCfg = Release|Any CPU
		{26973EE2-4A8F-43AD-8AA6-6C7B97112BEC}.Release|Any CPU.Build.0 = Release|Any CPU
	EndGlobalSection
	GlobalSection(SolutionProperties) = preSolution
		HideSolutionNode = FALSE
	EndGlobalSection
	GlobalSection(NestedProjects) = preSolution
		{D286AD90-DF11-4606-B5C3-EB6F872FE229} = {23C45222-71B0-42CF-9E3B-8F8DBB3E2902}
		{1C884962-503A-440A-A779-6844AA57DC9F} = {FE8F6778-673A-498C-8CFF-52C3551DF5D6}
		{315E8348-23D6-46A1-A6B8-8FA857552FD9} = {FE8F6778-673A-498C-8CFF-52C3551DF5D6}
		{26973EE2-4A8F-43AD-8AA6-6C7B97112BEC} = {71CEF5F7-33D1-4F3B-B167-54914489AE7C}
	EndGlobalSection
	GlobalSection(ExtensibilityGlobals) = postSolution
		SolutionGuid = {1B335CED-0921-406D-809D-4D0AF146754A}
	EndGlobalSection
EndGlobal
